<Project xmlns="http://schemas.microsoft.com/developer/msbuild/2003">
    <PropertyGroup>
        <Base>True</Base>
        <AppType>Package</AppType>
        <Config Condition="'$(Config)'==''">Debug</Config>
        <FrameworkType>VCL</FrameworkType>
        <MainSource>LightVcl.Common.dpk</MainSource>
        <Platform Condition="'$(Platform)'==''">Win32</Platform>
        <ProjectGuid>{2BB73EBB-65B5-41F4-916D-199DC8232F7D}</ProjectGuid>
        <ProjectName Condition="'$(ProjectName)'==''">LightVcl.Common</ProjectName>
        <ProjectVersion>20.4</ProjectVersion>
        <TargetedPlatforms>3</TargetedPlatforms>
    </PropertyGroup>
    <PropertyGroup Condition="'$(Config)'=='Base' or '$(Base)'!=''">
        <Base>true</Base>
    </PropertyGroup>
    <PropertyGroup Condition="('$(Platform)'=='Win32' and '$(Base)'=='true') or '$(Base_Win32)'!=''">
        <Base_Win32>true</Base_Win32>
        <CfgParent>Base</CfgParent>
        <Base>true</Base>
    </PropertyGroup>
    <PropertyGroup Condition="('$(Platform)'=='Win64' and '$(Base)'=='true') or '$(Base_Win64)'!=''">
        <Base_Win64>true</Base_Win64>
        <CfgParent>Base</CfgParent>
        <Base>true</Base>
    </PropertyGroup>
    <PropertyGroup Condition="'$(Config)'=='Release' or '$(Cfg_1)'!=''">
        <Cfg_1>true</Cfg_1>
        <CfgParent>Base</CfgParent>
        <Base>true</Base>
    </PropertyGroup>
    <PropertyGroup Condition="'$(Config)'=='Debug' or '$(Cfg_2)'!=''">
        <Cfg_2>true</Cfg_2>
        <CfgParent>Base</CfgParent>
        <Base>true</Base>
    </PropertyGroup>
    <PropertyGroup Condition="('$(Platform)'=='Win32' and '$(Cfg_2)'=='true') or '$(Cfg_2_Win32)'!=''">
        <Cfg_2_Win32>true</Cfg_2_Win32>
        <CfgParent>Cfg_2</CfgParent>
        <Cfg_2>true</Cfg_2>
        <Base>true</Base>
    </PropertyGroup>
    <PropertyGroup Condition="'$(Base)'!=''">
        <SanitizedProjectName>LightVcl_Common</SanitizedProjectName>
        <DCC_Alignment>2</DCC_Alignment>
        <DCC_DUPLICATE_CTOR_DTOR>false</DCC_DUPLICATE_CTOR_DTOR>
        <DCC_DcuOutput>..\$(ProductVersion)_$(Platform)_$(Config)</DCC_DcuOutput>
        <DCC_Description>LightSaber - VCL library</DCC_Description>
        <DCC_GenerateStackFrames>true</DCC_GenerateStackFrames>
        <DCC_IntegerOverflowCheck>true</DCC_IntegerOverflowCheck>
        <DCC_Namespace>System;Xml;Data;Datasnap;Web;Soap;$(DCC_Namespace)</DCC_Namespace>
        <DCC_Optimize>false</DCC_Optimize>
        <DCC_RangeChecking>true</DCC_RangeChecking>
        <DCC_UnitSearchPath>c:\Projects\LightSaber\FrameVCL\;c:\Projects\LightSaber\External\;$(DCC_UnitSearchPath)</DCC_UnitSearchPath>
        <DllSuffix>$(Auto)</DllSuffix>
        <GenDll>true</GenDll>
        <GenPackage>true</GenPackage>
        <VerInfo_IncludeVerInfo>true</VerInfo_IncludeVerInfo>
        <VerInfo_Keys>CompanyName=Gabriel Moraru;FileDescription=$(MSBuildProjectName);FileVersion=1.0.0.0;InternalName=;LegalCopyright=;LegalTrademarks=;OriginalFilename=;ProgramID=com.embarcadero.$(MSBuildProjectName);ProductName=$(MSBuildProjectName);ProductVersion=1.0.0.0;Comments=GabrielMoraru.com</VerInfo_Keys>
        <VerInfo_Locale>1033</VerInfo_Locale>
    </PropertyGroup>
    <PropertyGroup Condition="'$(Base_Win32)'!=''">
        <BT_BuildType>Debug</BT_BuildType>
        <DCC_Namespace>Winapi;System.Win;Data.Win;Datasnap.Win;Web.Win;Soap.Win;Xml.Win;Bde;$(DCC_Namespace)</DCC_Namespace>
        <DCC_UsePackage>vclimg;vcl;rtl;xmlrtl;vclwinx;vclx;soaprtl;LightCore;VclSmp;$(DCC_UsePackage)</DCC_UsePackage>
    </PropertyGroup>
    <PropertyGroup Condition="'$(Base_Win64)'!=''">
        <BT_BuildType>Debug</BT_BuildType>
        <DCC_Namespace>Winapi;System.Win;Data.Win;Datasnap.Win;Web.Win;Soap.Win;Xml.Win;$(DCC_Namespace)</DCC_Namespace>
        <DCC_UsePackage>VclSmp;$(DCC_UsePackage)</DCC_UsePackage>
        <VerInfo_Keys>CompanyName=;FileDescription=$(MSBuildProjectName);FileVersion=1.0.0.0;InternalName=;LegalCopyright=;LegalTrademarks=;OriginalFilename=;ProgramID=com.embarcadero.$(MSBuildProjectName);ProductName=$(MSBuildProjectName);ProductVersion=1.0.0.0;Comments=</VerInfo_Keys>
    </PropertyGroup>
    <PropertyGroup Condition="'$(Cfg_1)'!=''">
        <DCC_Define>RELEASE;$(DCC_Define)</DCC_Define>
        <DCC_IntegerOverflowCheck>false</DCC_IntegerOverflowCheck>
        <DCC_Optimize>true</DCC_Optimize>
        <DCC_RangeChecking>false</DCC_RangeChecking>
    </PropertyGroup>
    <PropertyGroup Condition="'$(Cfg_2)'!=''">
        <DCC_Define>DEBUG;$(DCC_Define)</DCC_Define>
    </PropertyGroup>
    <PropertyGroup Condition="'$(Cfg_2_Win32)'!=''">
        <DCC_MapFile>3</DCC_MapFile>
    </PropertyGroup>
    <ItemGroup>
        <DelphiCompile Include="$(MainSource)">
            <MainSource>MainSource</MainSource>
        </DelphiCompile>
        <DCCReference Include="rtl.dcp"/>
        <DCCReference Include="vclimg.dcp"/>
        <DCCReference Include="vcl.dcp"/>
        <DCCReference Include="vclx.dcp"/>
        <DCCReference Include="LightCore.dcp"/>
        <DCCReference Include="vclWinx.dcp"/>
        <DCCReference Include="VclSmp.dcp"/>
        <DCCReference Include="FormAsyncMessage.pas"/>
        <DCCReference Include="LightVcl.Common.CenterControl.pas"/>
        <DCCReference Include="LightVcl.Common.Clipboard.pas"/>
        <DCCReference Include="LightVcl.Common.Colors.pas"/>
        <DCCReference Include="LightVcl.Common.CursorGuard.pas"/>
        <DCCReference Include="LightVcl.Common.Debugger.pas"/>
        <DCCReference Include="LightVcl.Common.Dialogs.pas"/>
        <DCCReference Include="LightVcl.Common.EllipsisText.pas"/>
        <DCCReference Include="LightVcl.Common.EnvironmentVar.pas"/>
        <DCCReference Include="LightVcl.Common.ExecuteProc.pas"/>
        <DCCReference Include="LightVcl.Common.ExecuteShell.pas"/>
        <DCCReference Include="LightVcl.Common.ExeVersion.pas"/>
        <DCCReference Include="LightVcl.Common.GuiSettings.pas"/>
        <DCCReference Include="LightVcl.Common.INIFile.pas"/>
        <DCCReference Include="LightVcl.Common.IO.pas"/>
        <DCCReference Include="LightVcl.Common.Keyboard.pas"/>
        <DCCReference Include="LightVcl.Common.KeybShortcuts.pas"/>
        <DCCReference Include="LightVcl.Common.LogFilter.pas"/>
        <DCCReference Include="LightVcl.Common.LogViewer.pas"/>
        <DCCReference Include="LightVcl.Common.MemoInputBox.pas"/>
        <DCCReference Include="LightVcl.Common.MutexSingleInstance.pas"/>
        <DCCReference Include="LightVcl.Common.PopUp.pas"/>
        <DCCReference Include="LightVcl.Common.PowerUtils.pas"/>
        <DCCReference Include="LightVcl.Common.Process.pas"/>
        <DCCReference Include="LightVcl.Common.Shell.pas"/>
        <DCCReference Include="LightVcl.Common.Sound.pas"/>
        <DCCReference Include="LightVcl.Common.System.pas"/>
        <DCCReference Include="LightVcl.Common.SystemPermissions.pas"/>
        <DCCReference Include="LightVcl.Common.SystemSecurity.pas"/>
        <DCCReference Include="LightVcl.Common.SystemTime.pas"/>
        <DCCReference Include="LightVcl.Common.VclUtils.pas"/>
        <DCCReference Include="LightVcl.Common.Window.pas"/>
        <DCCReference Include="LightVcl.Common.WindowMetrics.pas"/>
        <DCCReference Include="LightVcl.Common.WinVersion.pas"/>
        <DCCReference Include="LightVcl.Common.WinVersionApi.pas"/>
        <DCCReference Include="LightVcl.Common.WMIResolution.pas"/>
        <DCCReference Include="LightVcl.Common.Registry.pas"/>
        <DCCReference Include="LightVcl.Common.Reports.pas"/>
        <DCCReference Include="..\External\MonitorHelper.pas"/>
        <DCCReference Include="..\LightVcl.Common.Translate.pas"/>
        <DCCReference Include="LightVcl.Common.CpuUsageProcess.pas"/>
        <DCCReference Include="LightVcl.Common.CpuMonitor.pas"/>
        <BuildConfiguration Include="Base">
            <Key>Base</Key>
        </BuildConfiguration>
        <BuildConfiguration Include="Release">
            <Key>Cfg_1</Key>
            <CfgParent>Base</CfgParent>
        </BuildConfiguration>
        <BuildConfiguration Include="Debug">
            <Key>Cfg_2</Key>
            <CfgParent>Base</CfgParent>
        </BuildConfiguration>
    </ItemGroup>
    <ProjectExtensions>
        <Borland.Personality>Delphi.Personality.12</Borland.Personality>
        <Borland.ProjectType>Package</Borland.ProjectType>
        <BorlandProject>
            <Delphi.Personality>
                <Source>
                    <Source Name="MainSource">LightVcl.Common.dpk</Source>
                </Source>
                <Excluded_Packages/>
            </Delphi.Personality>
            <Platforms>
                <Platform value="Android">False</Platform>
                <Platform value="Android64">False</Platform>
                <Platform value="Linux64">False</Platform>
                <Platform value="OSX64">False</Platform>
                <Platform value="OSXARM64">False</Platform>
                <Platform value="Win32">True</Platform>
                <Platform value="Win64">True</Platform>
                <Platform value="Win64x">False</Platform>
                <Platform value="WinARM64EC">False</Platform>
                <Platform value="iOSDevice64">False</Platform>
                <Platform value="iOSSimARM64">False</Platform>
            </Platforms>
        </BorlandProject>
        <ProjectFileVersion>12</ProjectFileVersion>
    </ProjectExtensions>
    <Import Project="$(BDS)\Bin\CodeGear.Delphi.Targets" Condition="Exists('$(BDS)\Bin\CodeGear.Delphi.Targets')"/>
    <Import Project="$(APPDATA)\Embarcadero\$(BDSAPPDATABASEDIR)\$(PRODUCTVERSION)\UserTools.proj" Condition="Exists('$(APPDATA)\Embarcadero\$(BDSAPPDATABASEDIR)\$(PRODUCTVERSION)\UserTools.proj')"/>
    <Import Project="$(MSBuildProjectName).deployproj" Condition="Exists('$(MSBuildProjectName).deployproj')"/>
</Project>
