<Project xmlns="http://schemas.microsoft.com/developer/msbuild/2003">
    <PropertyGroup>
        <Base>True</Base>
        <AppType>Package</AppType>
        <Config Condition="'$(Config)'==''">Debug</Config>
        <FrameworkType>VCL</FrameworkType>
        <MainSource>LightVisControls.dpk</MainSource>
        <Platform Condition="'$(Platform)'==''">Win32</Platform>
        <ProjectGuid>{DB85E32C-F7A5-4578-B561-BDF68891D34F}</ProjectGuid>
        <ProjectName Condition="'$(ProjectName)'==''">LightVisControls</ProjectName>
        <ProjectVersion>20.3</ProjectVersion>
        <TargetedPlatforms>1</TargetedPlatforms>
    </PropertyGroup>
    <PropertyGroup Condition="'$(Config)'=='Base' or '$(Base)'!=''">
        <Base>true</Base>
    </PropertyGroup>
    <PropertyGroup Condition="('$(Platform)'=='Win32' and '$(Base)'=='true') or '$(Base_Win32)'!=''">
        <Base_Win32>true</Base_Win32>
        <CfgParent>Base</CfgParent>
        <Base>true</Base>
    </PropertyGroup>
    <PropertyGroup Condition="'$(Config)'=='Release' or '$(Cfg_1)'!=''">
        <Cfg_1>true</Cfg_1>
        <CfgParent>Base</CfgParent>
        <Base>true</Base>
    </PropertyGroup>
    <PropertyGroup Condition="'$(Config)'=='Debug' or '$(Cfg_2)'!=''">
        <Cfg_2>true</Cfg_2>
        <CfgParent>Base</CfgParent>
        <Base>true</Base>
    </PropertyGroup>
    <PropertyGroup Condition="'$(Base)'!=''">
        <SanitizedProjectName>LightVisControls</SanitizedProjectName>
        <DCC_Alignment>2</DCC_Alignment>
        <DCC_DUPLICATE_CTOR_DTOR>false</DCC_DUPLICATE_CTOR_DTOR>
        <DCC_DcuOutput>..\$(ProductVersion)_$(Platform)_$(Config)</DCC_DcuOutput>
        <DCC_Define>CCRExif,Jpg2000;FastJpg;$(DCC_Define)</DCC_Define>
        <DCC_Description>LightSaber - Visual Controls</DCC_Description>
        <DCC_GenerateStackFrames>true</DCC_GenerateStackFrames>
        <DCC_IntegerOverflowCheck>true</DCC_IntegerOverflowCheck>
        <DCC_Namespace>System;Xml;Data;Datasnap;Web;Soap;$(DCC_Namespace)</DCC_Namespace>
        <DCC_Optimize>false</DCC_Optimize>
        <DCC_RangeChecking>true</DCC_RangeChecking>
        <DllSuffix>$(Auto)</DllSuffix>
        <GenDll>true</GenDll>
        <GenPackage>true</GenPackage>
        <VerInfo_IncludeVerInfo>true</VerInfo_IncludeVerInfo>
        <VerInfo_Keys>CompanyName=Gabriel Moraru;FileDescription=$(MSBuildProjectName);FileVersion=1.0.0.0;InternalName=;LegalCopyright=;LegalTrademarks=;OriginalFilename=;ProgramID=com.embarcadero.$(MSBuildProjectName);ProductName=$(MSBuildProjectName);ProductVersion=1.0.0.0;Comments=GabrielMoraru.com</VerInfo_Keys>
        <VerInfo_Locale>1033</VerInfo_Locale>
    </PropertyGroup>
    <PropertyGroup Condition="'$(Base_Win32)'!=''">
        <BT_BuildType>Debug</BT_BuildType>
        <DCC_Namespace>Winapi;System.Win;Data.Win;Datasnap.Win;Web.Win;Soap.Win;Xml.Win;Bde;$(DCC_Namespace)</DCC_Namespace>
        <DCC_UsePackage>LightCore;LightProteus;LightCommon;CCRExif;LightVclGraphics;LightVclInternet;vcl;rtl;LightVclBase;LightVclCommon;$(DCC_UsePackage)</DCC_UsePackage>
    </PropertyGroup>
    <PropertyGroup Condition="'$(Cfg_1)'!=''">
        <DCC_AssertionsAtRuntime>false</DCC_AssertionsAtRuntime>
        <DCC_Define>RELEASE;$(DCC_Define)</DCC_Define>
        <DCC_IntegerOverflowCheck>false</DCC_IntegerOverflowCheck>
        <DCC_Optimize>true</DCC_Optimize>
        <DCC_RangeChecking>false</DCC_RangeChecking>
    </PropertyGroup>
    <PropertyGroup Condition="'$(Cfg_2)'!=''">
        <DCC_Define>DEBUG;$(DCC_Define)</DCC_Define>
    </PropertyGroup>
    <ItemGroup>
        <DelphiCompile Include="$(MainSource)">
            <MainSource>MainSource</MainSource>
        </DelphiCompile>
        <DCCReference Include="Vcl.dcp"/>
        <DCCReference Include="CcrExif.dcp"/>
        <DCCReference Include="LightCore.dcp"/>
        <DCCReference Include="LightVclCommon.dcp"/>
        <DCCReference Include="LightVclInternet.dcp"/>
        <DCCReference Include="LightVclGraphics.dcp"/>
        <DCCReference Include="LightVcl.Visual.CalendarCanvas.pas"/>
        <DCCReference Include="LightVcl.Visual.AssociateExt.pas"/>
        <DCCReference Include="LightVcl.Visual.CheckListBox.pas"/>
        <DCCReference Include="LightVcl.Visual.ComboBox.pas"/>
        <DCCReference Include="LightVcl.Visual.CountDown.pas"/>
        <DCCReference Include="LightVcl.Visual.DirectoryListBox.pas"/>
        <DCCReference Include="LightVcl.Visual.Edit.pas"/>
        <DCCReference Include="LightVcl.Visual.FileFilter.pas"/>
        <DCCReference Include="LightVcl.Visual.FileListBox.pas"/>
        <DCCReference Include="LightVcl.Visual.FreeDiskSpace.pas"/>
        <DCCReference Include="LightVcl.Visual.GradientPanel.pas"/>
        <DCCReference Include="LightVcl.Visual.GraphChart.pas"/>
        <DCCReference Include="LightVcl.Visual.GroupBox.pas"/>
        <DCCReference Include="LightVcl.Visual.ListBox.pas"/>
        <DCCReference Include="LightVcl.Visual.LstEditor.pas"/>
        <DCCReference Include="LightVcl.Visual.Memo.pas"/>
        <DCCReference Include="LightVcl.Visual.MinimalPathLabel.pas"/>
        <DCCReference Include="LightVcl.Visual.Panel.pas"/>
        <DCCReference Include="LightVcl.Visual.PathEdit.pas"/>
        <DCCReference Include="LightVcl.Visual.ProxyList.pas"/>
        <DCCReference Include="LightVcl.Visual.RadioButton.pas"/>
        <DCCReference Include="LightVcl.Visual.RichEdit.pas"/>
        <DCCReference Include="LightVcl.Visual.ScrollBox.pas"/>
        <DCCReference Include="LightVcl.Visual.Splitter.pas"/>
        <DCCReference Include="LightVcl.Visual.StatusBar.pas"/>
        <DCCReference Include="LightVcl.Visual.ThumbViewerM.pas"/>
        <DCCReference Include="LightVcl.Visual.Timer.pas"/>
        <DCCReference Include="LightVcl.Visual.ToolBox.pas"/>
        <DCCReference Include="LightVcl.Visual.TrayIcon.pas"/>
        <DCCReference Include="LightVcl.Visual.TimeLine.pas"/>
        <DCCReference Include="LightVcl.Visual.CaptionedThumb.pas"/>
        <DCCReference Include="LightVcl.Visual.SpinEditDelayed.pas"/>
        <DCCReference Include="LightVcl.Visual.CreationOrderTester.pas"/>
        <DCCReference Include="LightVcl.Visual.ActivityIndicator.pas"/>
        <DCCReference Include="LightVcl.Visual.FloatSpinEdit.pas"/>
        <DCCReference Include="LightVcl.Visual.MsgDispatcher.pas"/>
        <DCCReference Include="LightVcl.Visual.SpinEdit.pas"/>
        <DCCReference Include="LightVcl.Visual.CheckBox.pas"/>
        <DCCReference Include="LightVcl.Visual.INIFile.pas"/>
        <DCCReference Include="LightVcl.Visual.LabelEdit.pas"/>
        <DCCReference Include="LightVcl.Visual.StringGrid.pas"/>
        <DCCReference Include="LightVcl.Visual.StringGridBase.pas"/>
        <DCCReference Include="LightVcl.Visual.StringGridScrollFix.pas"/>
        <DCCReference Include="LightVcl.Visual.DropDownSearch.pas"/>
        <DCCReference Include="LightVcl.Visual.StrongPasswordEdit.pas"/>
        <DCCReference Include="LightVcl.Visual.RichLogTrack.pas"/>
        <DCCReference Include="LightVcl.Visual.RichLogUtils.pas"/>
        <DCCReference Include="LightVcl.Visual.RichLog.pas"/>
        <DCCReference Include="LightVcl.Visual.RichEditResize.pas"/>
        <BuildConfiguration Include="Base">
            <Key>Base</Key>
        </BuildConfiguration>
        <BuildConfiguration Include="Release">
            <Key>Cfg_1</Key>
            <CfgParent>Base</CfgParent>
        </BuildConfiguration>
        <BuildConfiguration Include="Debug">
            <Key>Cfg_2</Key>
            <CfgParent>Base</CfgParent>
        </BuildConfiguration>
    </ItemGroup>
    <ProjectExtensions>
        <Borland.Personality>Delphi.Personality.12</Borland.Personality>
        <Borland.ProjectType>Package</Borland.ProjectType>
        <BorlandProject>
            <Delphi.Personality>
                <Source>
                    <Source Name="MainSource">LightVisControls.dpk</Source>
                </Source>
                <Excluded_Packages/>
            </Delphi.Personality>
            <Platforms>
                <Platform value="Android">False</Platform>
                <Platform value="Android64">False</Platform>
                <Platform value="iOSDevice64">False</Platform>
                <Platform value="iOSSimARM64">False</Platform>
                <Platform value="Linux64">False</Platform>
                <Platform value="OSX64">False</Platform>
                <Platform value="OSXARM64">False</Platform>
                <Platform value="Win32">True</Platform>
                <Platform value="Win64">False</Platform>
                <Platform value="Win64x">False</Platform>
            </Platforms>
        </BorlandProject>
        <ProjectFileVersion>12</ProjectFileVersion>
    </ProjectExtensions>
    <Import Project="$(BDS)\Bin\CodeGear.Delphi.Targets" Condition="Exists('$(BDS)\Bin\CodeGear.Delphi.Targets')"/>
    <Import Project="$(APPDATA)\Embarcadero\$(BDSAPPDATABASEDIR)\$(PRODUCTVERSION)\UserTools.proj" Condition="Exists('$(APPDATA)\Embarcadero\$(BDSAPPDATABASEDIR)\$(PRODUCTVERSION)\UserTools.proj')"/>
    <Import Project="$(MSBuildProjectName).deployproj" Condition="Exists('$(MSBuildProjectName).deployproj')"/>
</Project>
