<Project xmlns="http://schemas.microsoft.com/developer/msbuild/2003">
    <PropertyGroup>
        <Base>True</Base>
        <AppType>Package</AppType>
        <Config Condition="'$(Config)'==''">Debug</Config>
        <FrameworkType>VCL</FrameworkType>
        <MainSource>LightVclGraphics.dpk</MainSource>
        <Platform Condition="'$(Platform)'==''">Win32</Platform>
        <ProjectGuid>{8B57C0AA-A915-47F7-93B7-1BCC437CABFF}</ProjectGuid>
        <ProjectName Condition="'$(ProjectName)'==''">LightVclGraphics</ProjectName>
        <ProjectVersion>20.3</ProjectVersion>
        <TargetedPlatforms>1</TargetedPlatforms>
    </PropertyGroup>
    <PropertyGroup Condition="'$(Config)'=='Base' or '$(Base)'!=''">
        <Base>true</Base>
    </PropertyGroup>
    <PropertyGroup Condition="('$(Platform)'=='Win32' and '$(Base)'=='true') or '$(Base_Win32)'!=''">
        <Base_Win32>true</Base_Win32>
        <CfgParent>Base</CfgParent>
        <Base>true</Base>
    </PropertyGroup>
    <PropertyGroup Condition="'$(Config)'=='Release' or '$(Cfg_1)'!=''">
        <Cfg_1>true</Cfg_1>
        <CfgParent>Base</CfgParent>
        <Base>true</Base>
    </PropertyGroup>
    <PropertyGroup Condition="'$(Config)'=='Debug' or '$(Cfg_2)'!=''">
        <Cfg_2>true</Cfg_2>
        <CfgParent>Base</CfgParent>
        <Base>true</Base>
    </PropertyGroup>
    <PropertyGroup Condition="'$(Base)'!=''">
        <SanitizedProjectName>LightVclGraphics</SanitizedProjectName>
        <DCC_Alignment>2</DCC_Alignment>
        <DCC_DUPLICATE_CTOR_DTOR>false</DCC_DUPLICATE_CTOR_DTOR>
        <DCC_DcuOutput>..\$(ProductVersion)_$(Platform)_$(Config)</DCC_DcuOutput>
        <DCC_Define>CCRExif;FastJpg;GR32;Jpg2000;$(DCC_Define)</DCC_Define>
        <DCC_Description>LightSaber - Graphics lib</DCC_Description>
        <DCC_GenerateStackFrames>true</DCC_GenerateStackFrames>
        <DCC_IntegerOverflowCheck>true</DCC_IntegerOverflowCheck>
        <DCC_Namespace>System;Xml;Data;Datasnap;Web;Soap;$(DCC_Namespace)</DCC_Namespace>
        <DCC_Optimize>false</DCC_Optimize>
        <DCC_RangeChecking>true</DCC_RangeChecking>
        <DllSuffix>$(Auto)</DllSuffix>
        <GenDll>true</GenDll>
        <GenPackage>true</GenPackage>
        <RuntimeOnlyPackage>true</RuntimeOnlyPackage>
        <VerInfo_IncludeVerInfo>true</VerInfo_IncludeVerInfo>
        <VerInfo_Keys>CompanyName=Gabriel Moraru;FileDescription=$(MSBuildProjectName);FileVersion=1.0.0.0;InternalName=;LegalCopyright=;LegalTrademarks=;OriginalFilename=;ProgramID=com.embarcadero.$(MSBuildProjectName);ProductName=$(MSBuildProjectName);ProductVersion=1.0.0.0;Comments=GabrielMoraru.com</VerInfo_Keys>
        <VerInfo_Locale>1033</VerInfo_Locale>
    </PropertyGroup>
    <PropertyGroup Condition="'$(Base_Win32)'!=''">
        <BT_BuildType>Debug</BT_BuildType>
        <DCC_Namespace>Winapi;System.Win;Data.Win;Datasnap.Win;Web.Win;Soap.Win;Xml.Win;Bde;$(DCC_Namespace)</DCC_Namespace>
    </PropertyGroup>
    <PropertyGroup Condition="'$(Cfg_1)'!=''">
        <DCC_Define>RELEASE;$(DCC_Define)</DCC_Define>
        <DCC_IntegerOverflowCheck>false</DCC_IntegerOverflowCheck>
        <DCC_Optimize>true</DCC_Optimize>
        <DCC_RangeChecking>false</DCC_RangeChecking>
    </PropertyGroup>
    <PropertyGroup Condition="'$(Cfg_2)'!=''">
        <DCC_Define>DEBUG;$(DCC_Define)</DCC_Define>
    </PropertyGroup>
    <ItemGroup>
        <DelphiCompile Include="$(MainSource)">
            <MainSource>MainSource</MainSource>
        </DelphiCompile>
        <DCCReference Include="rtl.dcp"/>
        <DCCReference Include="vcl.dcp"/>
        <DCCReference Include="vclimg.dcp"/>
        <DCCReference Include="vclwinx.dcp"/>
        <DCCReference Include="LightCore.dcp"/>
        <DCCReference Include="LightVclCommon.dcp"/>
        <DCCReference Include="CCRExif.dcp"/>
        <DCCReference Include="GR32_R.dcp"/>
        <DCCReference Include="ThirdPartyLibs.dcp"/>
        <DCCReference Include="LightVcl.Graph.Alpha.pas"/>
        <DCCReference Include="LightVcl.Graph.AviFrame.pas"/>
        <DCCReference Include="LightVcl.Graph.Bitmap.pas"/>
        <DCCReference Include="LightVcl.Graph.BkgColor.pas"/>
        <DCCReference Include="LightVcl.Graph.BkgColorEditor.pas"/>
        <DCCReference Include="LightVcl.Graph.BkgColorParams.pas"/>
        <DCCReference Include="LightVcl.Graph.Cache.pas"/>
        <DCCReference Include="LightVcl.Graph.Convert.pas"/>
        <DCCReference Include="LightVcl.Graph.Desktop.pas"/>
        <DCCReference Include="LightVcl.Graph.FX.pas"/>
        <DCCReference Include="LightVcl.Graph.FX.Gradient.pas"/>
        <DCCReference Include="LightVcl.Graph.FX.Rotate.pas"/>
        <DCCReference Include="LightVcl.Graph.FX.RotateGr32.pas"/>
        <DCCReference Include="LightVcl.Graph.Gif.pas"/>
        <DCCReference Include="LightVcl.Graph.Loader.pas"/>
        <DCCReference Include="LightVcl.Graph.Loader.RainDrop.pas"/>
        <DCCReference Include="LightVcl.Graph.Loader.Resolution.pas"/>
        <DCCReference Include="LightVcl.Graph.Loader.Thread.pas"/>
        <DCCReference Include="LightVcl.Graph.Loader.WB1.pas"/>
        <DCCReference Include="LightVcl.Graph.Loader.WBC.pas"/>
        <DCCReference Include="LightVcl.Graph.Resize.pas"/>
        <DCCReference Include="LightVcl.Graph.ResizeGr32.pas"/>
        <DCCReference Include="LightVcl.Graph.ResizeParamFrame.pas">
            <Form>ResizeParameters</Form>
            <FormType>dfm</FormType>
            <DesignClass>TFrame</DesignClass>
        </DCCReference>
        <DCCReference Include="LightVcl.Graph.ResizeParams.pas"/>
        <DCCReference Include="LightVcl.Graph.ResizeVCL.pas"/>
        <DCCReference Include="LightVcl.Graph.ResizeWinBlt.pas"/>
        <DCCReference Include="LightVcl.Graph.ResizeWinThumb.pas"/>
        <DCCReference Include="LightVcl.Graph.ResizeWinWIC.pas"/>
        <DCCReference Include="LightVcl.Graph.ShadowText.pas"/>
        <DCCReference Include="LightVcl.Graph.Text.pas"/>
        <DCCReference Include="LightVcl.Graph.Util.pas"/>
        <DCCReference Include="LightVcl.Graph.UtilGray.pas"/>
        <DCCReference Include="..\External\janFxStretch.pas"/>
        <DCCReference Include="..\External\janFX.pas"/>
        <DCCReference Include="..\External\GifProperties.pas"/>
        <BuildConfiguration Include="Base">
            <Key>Base</Key>
        </BuildConfiguration>
        <BuildConfiguration Include="Release">
            <Key>Cfg_1</Key>
            <CfgParent>Base</CfgParent>
        </BuildConfiguration>
        <BuildConfiguration Include="Debug">
            <Key>Cfg_2</Key>
            <CfgParent>Base</CfgParent>
        </BuildConfiguration>
    </ItemGroup>
    <ProjectExtensions>
        <Borland.Personality>Delphi.Personality.12</Borland.Personality>
        <Borland.ProjectType>Package</Borland.ProjectType>
        <BorlandProject>
            <Delphi.Personality>
                <Source>
                    <Source Name="MainSource">LightVclGraphics.dpk</Source>
                </Source>
                <Excluded_Packages/>
            </Delphi.Personality>
            <Deployment Version="5">
                <DeployFile LocalName="C:\Users\Public\Documents\Embarcadero\Studio\23.0\Bpl\LightVclGraphics290.bpl" Configuration="Debug" Class="ProjectOutput">
                    <Platform Name="Win32">
                        <RemoteName>LightVclGraphics.bpl</RemoteName>
                        <Overwrite>true</Overwrite>
                    </Platform>
                </DeployFile>
                <DeployClass Name="AdditionalDebugSymbols">
                    <Platform Name="Win32">
                        <Operation>0</Operation>
                    </Platform>
                </DeployClass>
                <DeployClass Name="DebugSymbols">
                    <Platform Name="Win32">
                        <Operation>0</Operation>
                    </Platform>
                </DeployClass>
                <DeployClass Name="DependencyFramework">
                    <Platform Name="Win32">
                        <Operation>0</Operation>
                    </Platform>
                </DeployClass>
                <DeployClass Name="DependencyModule">
                    <Platform Name="Win32">
                        <Operation>0</Operation>
                        <Extensions>.dll;.bpl</Extensions>
                    </Platform>
                </DeployClass>
                <DeployClass Required="true" Name="DependencyPackage">
                    <Platform Name="Win32">
                        <Operation>0</Operation>
                        <Extensions>.bpl</Extensions>
                    </Platform>
                </DeployClass>
                <DeployClass Name="File">
                    <Platform Name="Win32">
                        <Operation>0</Operation>
                    </Platform>
                </DeployClass>
                <DeployClass Required="true" Name="ProjectOutput">
                    <Platform Name="Win32">
                        <Operation>0</Operation>
                    </Platform>
                </DeployClass>
                <DeployClass Name="ProjectUWPManifest">
                    <Platform Name="Win32">
                        <Operation>1</Operation>
                    </Platform>
                </DeployClass>
                <DeployClass Name="UWP_DelphiLogo150">
                    <Platform Name="Win32">
                        <RemoteDir>Assets</RemoteDir>
                        <Operation>1</Operation>
                    </Platform>
                </DeployClass>
                <DeployClass Name="UWP_DelphiLogo44">
                    <Platform Name="Win32">
                        <RemoteDir>Assets</RemoteDir>
                        <Operation>1</Operation>
                    </Platform>
                </DeployClass>
                <ProjectRoot Platform="Win32" Name="$(PROJECTNAME)"/>
            </Deployment>
            <Platforms>
                <Platform value="Android">False</Platform>
                <Platform value="Android64">False</Platform>
                <Platform value="Linux64">False</Platform>
                <Platform value="OSX64">False</Platform>
                <Platform value="OSXARM64">False</Platform>
                <Platform value="Win32">True</Platform>
                <Platform value="Win64">False</Platform>
                <Platform value="Win64x">False</Platform>
                <Platform value="iOSDevice64">False</Platform>
                <Platform value="iOSSimARM64">False</Platform>
            </Platforms>
        </BorlandProject>
        <ProjectFileVersion>12</ProjectFileVersion>
    </ProjectExtensions>
    <Import Project="$(BDS)\Bin\CodeGear.Delphi.Targets" Condition="Exists('$(BDS)\Bin\CodeGear.Delphi.Targets')"/>
    <Import Project="$(APPDATA)\Embarcadero\$(BDSAPPDATABASEDIR)\$(PRODUCTVERSION)\UserTools.proj" Condition="Exists('$(APPDATA)\Embarcadero\$(BDSAPPDATABASEDIR)\$(PRODUCTVERSION)\UserTools.proj')"/>
    <Import Project="$(MSBuildProjectName).deployproj" Condition="Exists('$(MSBuildProjectName).deployproj')"/>
</Project>
