<Project xmlns="http://schemas.microsoft.com/developer/msbuild/2003">
    <PropertyGroup>
        <Base>True</Base>
        <AppType>Package</AppType>
        <Config Condition="'$(Config)'==''">Debug</Config>
        <FrameworkType>VCL</FrameworkType>
        <MainSource>LightGraphics.dpk</MainSource>
        <Platform Condition="'$(Platform)'==''">Win32</Platform>
        <ProjectGuid>{8B57C0AA-A915-47F7-93B7-1BCC437CABFF}</ProjectGuid>
        <ProjectVersion>20.3</ProjectVersion>
        <TargetedPlatforms>1</TargetedPlatforms>
        <ProjectName Condition="'$(ProjectName)'==''">LightGraphics</ProjectName>
    </PropertyGroup>
    <PropertyGroup Condition="'$(Config)'=='Base' or '$(Base)'!=''">
        <Base>true</Base>
    </PropertyGroup>
    <PropertyGroup Condition="('$(Platform)'=='Win32' and '$(Base)'=='true') or '$(Base_Win32)'!=''">
        <Base_Win32>true</Base_Win32>
        <CfgParent>Base</CfgParent>
        <Base>true</Base>
    </PropertyGroup>
    <PropertyGroup Condition="'$(Config)'=='Release' or '$(Cfg_1)'!=''">
        <Cfg_1>true</Cfg_1>
        <CfgParent>Base</CfgParent>
        <Base>true</Base>
    </PropertyGroup>
    <PropertyGroup Condition="'$(Config)'=='Debug' or '$(Cfg_2)'!=''">
        <Cfg_2>true</Cfg_2>
        <CfgParent>Base</CfgParent>
        <Base>true</Base>
    </PropertyGroup>
    <PropertyGroup Condition="'$(Base)'!=''">
        <SanitizedProjectName>LightGraphics</SanitizedProjectName>
        <DCC_Alignment>2</DCC_Alignment>
        <DCC_DUPLICATE_CTOR_DTOR>false</DCC_DUPLICATE_CTOR_DTOR>
        <DCC_DcuOutput>.\$(ProductVersion)_$(Platform)_$(Config)</DCC_DcuOutput>
        <DCC_Define>CCRExif,Jpg2000;FastJpg;$(DCC_Define)</DCC_Define>
        <DCC_Description>LightSaber - Graphics lib</DCC_Description>
        <DCC_GenerateStackFrames>true</DCC_GenerateStackFrames>
        <DCC_IntegerOverflowCheck>true</DCC_IntegerOverflowCheck>
        <DCC_Namespace>System;Xml;Data;Datasnap;Web;Soap;$(DCC_Namespace)</DCC_Namespace>
        <DCC_Optimize>false</DCC_Optimize>
        <DCC_RangeChecking>true</DCC_RangeChecking>
        <DllSuffix>$(Auto)</DllSuffix>
        <GenDll>true</GenDll>
        <GenPackage>true</GenPackage>
        <RuntimeOnlyPackage>true</RuntimeOnlyPackage>
        <VerInfo_IncludeVerInfo>true</VerInfo_IncludeVerInfo>
        <VerInfo_Keys>CompanyName=Gabriel Moraru;FileDescription=$(MSBuildProjectName);FileVersion=1.0.0.0;InternalName=;LegalCopyright=;LegalTrademarks=;OriginalFilename=;ProgramID=com.embarcadero.$(MSBuildProjectName);ProductName=$(MSBuildProjectName);ProductVersion=1.0.0.0;Comments=GabrielMoraru.com</VerInfo_Keys>
        <VerInfo_Locale>1033</VerInfo_Locale>
    </PropertyGroup>
    <PropertyGroup Condition="'$(Base_Win32)'!=''">
        <BT_BuildType>Debug</BT_BuildType>
        <DCC_Namespace>Winapi;System.Win;Data.Win;Datasnap.Win;Web.Win;Soap.Win;Xml.Win;Bde;$(DCC_Namespace)</DCC_Namespace>
    </PropertyGroup>
    <PropertyGroup Condition="'$(Cfg_1)'!=''">
        <DCC_Define>RELEASE;$(DCC_Define)</DCC_Define>
        <DCC_IntegerOverflowCheck>false</DCC_IntegerOverflowCheck>
        <DCC_Optimize>true</DCC_Optimize>
        <DCC_RangeChecking>false</DCC_RangeChecking>
    </PropertyGroup>
    <PropertyGroup Condition="'$(Cfg_2)'!=''">
        <DCC_Define>DEBUG;$(DCC_Define)</DCC_Define>
    </PropertyGroup>
    <ItemGroup>
        <DelphiCompile Include="$(MainSource)">
            <MainSource>MainSource</MainSource>
        </DelphiCompile>
        <DCCReference Include="rtl.dcp"/>
        <DCCReference Include="vcl.dcp"/>
        <DCCReference Include="LightCore.dcp"/>
        <DCCReference Include="LightAppDataVCL.dcp"/>
        <DCCReference Include="LightCommonVCL.dcp"/>
        <DCCReference Include="vclimg.dcp"/>
        <DCCReference Include="vclwinx.dcp"/>
        <DCCReference Include="vclie.dcp"/>
        <DCCReference Include="GR32_R.dcp"/>
        <DCCReference Include="CCRExif.dcp"/>
        <DCCReference Include="ThirdPartyLibs.dcp"/>
        <DCCReference Include="FrameVCL\cGraphFX.RotateGr32.pas"/>
        <DCCReference Include="FrameVCL\cGraphResizeParams.pas"/>
        <DCCReference Include="FrameVCL\cGraphAviFrame.pas"/>
        <DCCReference Include="FrameVCL\cGraphBitmap.pas"/>
        <DCCReference Include="FrameVCL\cGraphBkgColor.pas"/>
        <DCCReference Include="FrameVCL\cGraphBkgColorEditor.pas"/>
        <DCCReference Include="FrameVCL\cGraphCache.pas"/>
        <DCCReference Include="FrameVCL\cGraphFX.pas"/>
        <DCCReference Include="FrameVCL\cGraphFX.Gradient.pas"/>
        <DCCReference Include="FrameVCL\cGraphFX.Rotate.pas"/>
        <DCCReference Include="FrameVCL\cGraphGif.pas"/>
        <DCCReference Include="FrameVCL\cGraphLoader.pas"/>
        <DCCReference Include="FrameVCL\cGraphLoader.Resolution.pas"/>
        <DCCReference Include="FrameVCL\cGraphLoader.Thread.pas"/>
        <DCCReference Include="FrameVCL\cGraphLoader.WB1.pas"/>
        <DCCReference Include="FrameVCL\cGraphLoader.WBC.pas"/>
        <DCCReference Include="FrameVCL\cGraphText.pas"/>
        <DCCReference Include="FrameVCL\cGraphUtil.pas"/>
        <DCCReference Include="FrameVCL\cGraphResizeParamFrame.pas">
            <Form>ResizeParameters</Form>
            <FormType>dfm</FormType>
            <DesignClass>TFrame</DesignClass>
        </DCCReference>
        <DCCReference Include="FrameVCL\cGraphLoader.RainDrop.pas"/>
        <DCCReference Include="FrameVCL\cGraphBkgColorParams.pas"/>
        <DCCReference Include="FrameVCL\cGraphConvert.pas"/>
        <DCCReference Include="FrameVCL\cGraphAlpha.pas"/>
        <DCCReference Include="FrameVCL\cGraphDesktop.pas"/>
        <DCCReference Include="FrameVCL\cGraphResizeGr32.pas"/>
        <DCCReference Include="FrameVCL\cGraphResizeVCL.pas"/>
        <DCCReference Include="FrameVCL\cGraphUtilGray.pas"/>
        <DCCReference Include="FrameVCL\cGraphResize.pas"/>
        <DCCReference Include="FrameVCL\cGraphResizeWinBlt.pas"/>
        <DCCReference Include="FrameVCL\cGraphResizeWinThumb.pas"/>
        <DCCReference Include="FrameVCL\cGraphResizeWinWIC.pas"/>
        <BuildConfiguration Include="Base">
            <Key>Base</Key>
        </BuildConfiguration>
        <BuildConfiguration Include="Release">
            <Key>Cfg_1</Key>
            <CfgParent>Base</CfgParent>
        </BuildConfiguration>
        <BuildConfiguration Include="Debug">
            <Key>Cfg_2</Key>
            <CfgParent>Base</CfgParent>
        </BuildConfiguration>
    </ItemGroup>
    <ProjectExtensions>
        <Borland.Personality>Delphi.Personality.12</Borland.Personality>
        <Borland.ProjectType>Package</Borland.ProjectType>
        <BorlandProject>
            <Delphi.Personality>
                <Source>
                    <Source Name="MainSource">LightGraphics.dpk</Source>
                </Source>
                <Excluded_Packages>
                    <Excluded_Packages Name="$(BDSBIN)\dcloffice2k280.bpl">Microsoft Office 2000 Sample Automation Server Wrapper Components</Excluded_Packages>
                    <Excluded_Packages Name="$(BDSBIN)\dclofficexp280.bpl">Microsoft Office XP Sample Automation Server Wrapper Components</Excluded_Packages>
                    <Excluded_Packages Name="C:\Users\Public\Documents\Embarcadero\Studio\22.0\Bpl\CubicProteus280.bpl">File C:\Users\Public\Documents\Embarcadero\Studio\22.0\Bpl\CubicProteus280.bpl not found</Excluded_Packages>
                    <Excluded_Packages Name="C:\Users\Public\Documents\Embarcadero\Studio\22.0\Bpl\LightCommon280.bpl">LightSaber - Common tools</Excluded_Packages>
                    <Excluded_Packages Name="C:\Users\Public\Documents\Embarcadero\Studio\22.0\Bpl\LightCore280.bpl">LightSaber - Core library</Excluded_Packages>
                </Excluded_Packages>
            </Delphi.Personality>
            <Platforms>
                <Platform value="Android">False</Platform>
                <Platform value="Android64">False</Platform>
                <Platform value="iOSDevice64">False</Platform>
                <Platform value="iOSSimARM64">False</Platform>
                <Platform value="Linux64">False</Platform>
                <Platform value="OSX64">False</Platform>
                <Platform value="OSXARM64">False</Platform>
                <Platform value="Win32">True</Platform>
                <Platform value="Win64">False</Platform>
                <Platform value="Win64x">False</Platform>
            </Platforms>
        </BorlandProject>
        <ProjectFileVersion>12</ProjectFileVersion>
    </ProjectExtensions>
    <Import Project="$(BDS)\Bin\CodeGear.Delphi.Targets" Condition="Exists('$(BDS)\Bin\CodeGear.Delphi.Targets')"/>
    <Import Project="$(APPDATA)\Embarcadero\$(BDSAPPDATABASEDIR)\$(PRODUCTVERSION)\UserTools.proj" Condition="Exists('$(APPDATA)\Embarcadero\$(BDSAPPDATABASEDIR)\$(PRODUCTVERSION)\UserTools.proj')"/>
    <Import Project="$(MSBuildProjectName).deployproj" Condition="Exists('$(MSBuildProjectName).deployproj')"/>
</Project>
