<Project xmlns="http://schemas.microsoft.com/developer/msbuild/2003">
    <PropertyGroup>
        <Base>True</Base>
        <AppType>Application</AppType>
        <Config Condition="'$(Config)'==''">Debug</Config>
        <FrameworkType>VCL</FrameworkType>
        <MainSource>VCL_Demo_PlatformDetection.dpr</MainSource>
        <Platform Condition="'$(Platform)'==''">Win32</Platform>
        <ProjectGuid>{950E17AD-00E4-4E9E-A636-81B0448AE03E}</ProjectGuid>
        <ProjectName Condition="'$(ProjectName)'==''">VCL_Demo_PlatformDetection</ProjectName>
        <ProjectVersion>20.3</ProjectVersion>
        <TargetedPlatforms>3</TargetedPlatforms>
    </PropertyGroup>
    <PropertyGroup Condition="'$(Config)'=='Base' or '$(Base)'!=''">
        <Base>true</Base>
    </PropertyGroup>
    <PropertyGroup Condition="('$(Platform)'=='Win32' and '$(Base)'=='true') or '$(Base_Win32)'!=''">
        <Base_Win32>true</Base_Win32>
        <CfgParent>Base</CfgParent>
        <Base>true</Base>
    </PropertyGroup>
    <PropertyGroup Condition="('$(Platform)'=='Win64' and '$(Base)'=='true') or '$(Base_Win64)'!=''">
        <Base_Win64>true</Base_Win64>
        <CfgParent>Base</CfgParent>
        <Base>true</Base>
    </PropertyGroup>
    <PropertyGroup Condition="'$(Config)'=='Debug' or '$(Cfg_1)'!=''">
        <Cfg_1>true</Cfg_1>
        <CfgParent>Base</CfgParent>
        <Base>true</Base>
    </PropertyGroup>
    <PropertyGroup Condition="('$(Platform)'=='Win32' and '$(Cfg_1)'=='true') or '$(Cfg_1_Win32)'!=''">
        <Cfg_1_Win32>true</Cfg_1_Win32>
        <CfgParent>Cfg_1</CfgParent>
        <Cfg_1>true</Cfg_1>
        <Base>true</Base>
    </PropertyGroup>
    <PropertyGroup Condition="('$(Platform)'=='Win64' and '$(Cfg_1)'=='true') or '$(Cfg_1_Win64)'!=''">
        <Cfg_1_Win64>true</Cfg_1_Win64>
        <CfgParent>Cfg_1</CfgParent>
        <Cfg_1>true</Cfg_1>
        <Base>true</Base>
    </PropertyGroup>
    <PropertyGroup Condition="'$(Config)'=='Release' or '$(Cfg_2)'!=''">
        <Cfg_2>true</Cfg_2>
        <CfgParent>Base</CfgParent>
        <Base>true</Base>
    </PropertyGroup>
    <PropertyGroup Condition="('$(Platform)'=='Win32' and '$(Cfg_2)'=='true') or '$(Cfg_2_Win32)'!=''">
        <Cfg_2_Win32>true</Cfg_2_Win32>
        <CfgParent>Cfg_2</CfgParent>
        <Cfg_2>true</Cfg_2>
        <Base>true</Base>
    </PropertyGroup>
    <PropertyGroup Condition="('$(Platform)'=='Win64' and '$(Cfg_2)'=='true') or '$(Cfg_2_Win64)'!=''">
        <Cfg_2_Win64>true</Cfg_2_Win64>
        <CfgParent>Cfg_2</CfgParent>
        <Cfg_2>true</Cfg_2>
        <Base>true</Base>
    </PropertyGroup>
    <PropertyGroup Condition="'$(Base)'!=''">
        <SanitizedProjectName>VCL_Demo_PlatformDetection</SanitizedProjectName>
        <DCC_DcuOutput>.\$(Platform)_$(Config)</DCC_DcuOutput>
        <DCC_ExeOutput>.\</DCC_ExeOutput>
        <DCC_Namespace>System;Xml;Data;Datasnap;Web;Soap;Vcl;Vcl.Imaging;Vcl.Touch;Vcl.Samples;Vcl.Shell;$(DCC_Namespace)</DCC_Namespace>
        <DCC_UnitSearchPath>..\..\..\;..\..\..\FrameVCL\;$(DCC_UnitSearchPath)</DCC_UnitSearchPath>
        <Icon_MainIcon>$(BDS)\bin\delphi_PROJECTICON.ico</Icon_MainIcon>
        <VerInfo_Locale>1033</VerInfo_Locale>
    </PropertyGroup>
    <PropertyGroup Condition="'$(Base_Win32)'!=''">
        <AppDPIAwarenessMode>none</AppDPIAwarenessMode>
        <BT_BuildType>Debug</BT_BuildType>
        <DCC_Namespace>Winapi;System.Win;Data.Win;Datasnap.Win;Web.Win;Soap.Win;Xml.Win;Bde;$(DCC_Namespace)</DCC_Namespace>
        <DCC_UsePackage>vclwinx;DataSnapServer;fmx;emshosting;vclie;DbxCommonDriver;bindengine;IndyIPCommon;VCLRESTComponents;DBXMSSQLDriver;FireDACCommonODBC;emsclient;FireDACCommonDriver;appanalytics;IndyProtocols;vclx;IndyIPClient;dbxcds;vcledge;bindcompvclwinx;FmxTeeUI;emsedge;bindcompfmx;DBXFirebirdDriver;inetdb;ibmonitor;FireDACSqliteDriver;DbxClientDriver;GR32_R;FireDACASADriver;Tee;soapmidas;vclactnband;TeeUI;DragDropR;fmxFireDAC;dbexpress;FireDACInfxDriver;DBXMySQLDriver;FFmpeg_DX11;VclSmp;inet;DataSnapCommon;vcltouch;fmxase;DBXOdbcDriver;dbrtl;FireDACDBXDriver;FireDACOracleDriver;fmxdae;TeeDB;FireDACMSAccDriver;CustomIPTransport;FireDACMSSQLDriver;DataSnapIndy10ServerTransport;DataSnapConnectors;vcldsnap;DBXInterBaseDriver;FireDACMongoDBDriver;IndySystem;FireDACTDataDriver;vcldb;ibxbindings;vclFireDAC;ThirdPartyLibs;bindcomp;FireDACCommon;DataSnapServerMidas;FireDACODBCDriver;emsserverresource;IndyCore;RESTBackendComponents;DOSCommandDR;bindcompdbx;rtl;FireDACMySQLDriver;FireDACADSDriver;RESTComponents;DBXSqliteDriver;vcl;IndyIPServer;dsnapxml;dsnapcon;DataSnapClient;DataSnapProviderClient;adortl;DBXSybaseASEDriver;DBXDb2Driver;vclimg;DataSnapFireDAC;emsclientfiredac;FireDACPgDriver;FireDAC;FireDACDSDriver;inetdbxpress;xmlrtl;tethering;ibxpress;bindcompvcl;dsnap;sgcWebSocketsR;CloudService;DBXSybaseASADriver;DBXOracleDriver;FireDACDb2Driver;DBXInformixDriver;vclib;fmxobj;bindcompvclsmp;DataSnapNativeClient;FMXTee;DatasnapConnectorsFreePascal;soaprtl;soapserver;FireDACIBDriver;$(DCC_UsePackage)</DCC_UsePackage>
        <Manifest_File>$(BDS)\bin\default_app.manifest</Manifest_File>
    </PropertyGroup>
    <PropertyGroup Condition="'$(Base_Win64)'!=''">
        <AppDPIAwarenessMode>none</AppDPIAwarenessMode>
        <BT_BuildType>Debug</BT_BuildType>
        <DCC_Namespace>Winapi;System.Win;Data.Win;Datasnap.Win;Web.Win;Soap.Win;Xml.Win;$(DCC_Namespace)</DCC_Namespace>
        <DCC_UsePackage>vclwinx;DataSnapServer;fmx;emshosting;vclie;DbxCommonDriver;bindengine;IndyIPCommon;VCLRESTComponents;DBXMSSQLDriver;FireDACCommonODBC;emsclient;FireDACCommonDriver;appanalytics;IndyProtocols;vclx;IndyIPClient;dbxcds;vcledge;bindcompvclwinx;FmxTeeUI;emsedge;bindcompfmx;DBXFirebirdDriver;inetdb;ibmonitor;FireDACSqliteDriver;DbxClientDriver;FireDACASADriver;Tee;soapmidas;vclactnband;TeeUI;DragDropR;fmxFireDAC;dbexpress;FireDACInfxDriver;DBXMySQLDriver;FFmpeg_DX11;VclSmp;inet;DataSnapCommon;vcltouch;fmxase;DBXOdbcDriver;dbrtl;FireDACDBXDriver;FireDACOracleDriver;fmxdae;TeeDB;FireDACMSAccDriver;CustomIPTransport;FireDACMSSQLDriver;DataSnapIndy10ServerTransport;DataSnapConnectors;vcldsnap;DBXInterBaseDriver;FireDACMongoDBDriver;IndySystem;FireDACTDataDriver;vcldb;ibxbindings;vclFireDAC;bindcomp;FireDACCommon;DataSnapServerMidas;FireDACODBCDriver;emsserverresource;IndyCore;RESTBackendComponents;DOSCommandDR;bindcompdbx;rtl;FireDACMySQLDriver;FireDACADSDriver;RESTComponents;DBXSqliteDriver;vcl;IndyIPServer;dsnapxml;dsnapcon;DataSnapClient;DataSnapProviderClient;adortl;DBXSybaseASEDriver;DBXDb2Driver;vclimg;DataSnapFireDAC;emsclientfiredac;FireDACPgDriver;FireDAC;FireDACDSDriver;inetdbxpress;xmlrtl;tethering;ibxpress;bindcompvcl;dsnap;sgcWebSocketsR;CloudService;DBXSybaseASADriver;DBXOracleDriver;FireDACDb2Driver;DBXInformixDriver;vclib;fmxobj;bindcompvclsmp;DataSnapNativeClient;FMXTee;DatasnapConnectorsFreePascal;soaprtl;soapserver;FireDACIBDriver;$(DCC_UsePackage)</DCC_UsePackage>
        <Manifest_File>$(BDS)\bin\default_app.manifest</Manifest_File>
    </PropertyGroup>
    <PropertyGroup Condition="'$(Cfg_1)'!=''">
        <DCC_DebugDCUs>true</DCC_DebugDCUs>
        <DCC_Define>DEBUG;$(DCC_Define)</DCC_Define>
        <DCC_GenerateStackFrames>true</DCC_GenerateStackFrames>
        <DCC_IntegerOverflowCheck>true</DCC_IntegerOverflowCheck>
        <DCC_Optimize>false</DCC_Optimize>
        <DCC_RangeChecking>true</DCC_RangeChecking>
    </PropertyGroup>
    <PropertyGroup Condition="'$(Cfg_1_Win32)'!=''">
        <AppDPIAwarenessMode>PerMonitorV2</AppDPIAwarenessMode>
    </PropertyGroup>
    <PropertyGroup Condition="'$(Cfg_1_Win64)'!=''">
        <AppDPIAwarenessMode>PerMonitorV2</AppDPIAwarenessMode>
    </PropertyGroup>
    <PropertyGroup Condition="'$(Cfg_2)'!=''">
        <DCC_DebugInformation>0</DCC_DebugInformation>
        <DCC_Define>RELEASE;$(DCC_Define)</DCC_Define>
        <DCC_LocalDebugSymbols>false</DCC_LocalDebugSymbols>
        <DCC_SymbolReferenceInfo>0</DCC_SymbolReferenceInfo>
    </PropertyGroup>
    <PropertyGroup Condition="'$(Cfg_2_Win32)'!=''">
        <AppDPIAwarenessMode>PerMonitorV2</AppDPIAwarenessMode>
    </PropertyGroup>
    <PropertyGroup Condition="'$(Cfg_2_Win64)'!=''">
        <AppDPIAwarenessMode>PerMonitorV2</AppDPIAwarenessMode>
    </PropertyGroup>
    <ItemGroup>
        <DelphiCompile Include="$(MainSource)">
            <MainSource>MainSource</MainSource>
        </DelphiCompile>
        <DCCReference Include="MainForm.pas">
            <Form>Form3</Form>
            <FormType>dfm</FormType>
        </DCCReference>
        <DCCReference Include="..\..\..\LightCore.PlatformFile.pas"/>
        <DCCReference Include="..\PlatformTest.pas"/>
        <BuildConfiguration Include="Base">
            <Key>Base</Key>
        </BuildConfiguration>
        <BuildConfiguration Include="Debug">
            <Key>Cfg_1</Key>
            <CfgParent>Base</CfgParent>
        </BuildConfiguration>
        <BuildConfiguration Include="Release">
            <Key>Cfg_2</Key>
            <CfgParent>Base</CfgParent>
        </BuildConfiguration>
    </ItemGroup>
    <ProjectExtensions>
        <Borland.Personality>Delphi.Personality.12</Borland.Personality>
        <Borland.ProjectType>Application</Borland.ProjectType>
        <BorlandProject>
            <Delphi.Personality>
                <Source>
                    <Source Name="MainSource">VCL_Demo_PlatformDetection.dpr</Source>
                </Source>
                <Excluded_Packages/>
            </Delphi.Personality>
            <Deployment Version="5">
                <DeployFile LocalName="Win32\Debug\VCL_Demo_PlatformDetection.exe" Configuration="Debug" Class="ProjectOutput">
                    <Platform Name="Win32">
                        <RemoteName>VCL_Demo_PlatformDetection.exe</RemoteName>
                        <Overwrite>true</Overwrite>
                    </Platform>
                </DeployFile>
                <DeployFile LocalName="Win64\Debug\VCL_Demo_PlatformDetection.exe" Configuration="Debug" Class="ProjectOutput">
                    <Platform Name="Win64">
                        <RemoteName>VCL_Demo_PlatformDetection.exe</RemoteName>
                        <Overwrite>true</Overwrite>
                    </Platform>
                </DeployFile>
                <DeployClass Name="AdditionalDebugSymbols">
                    <Platform Name="Win32">
                        <Operation>0</Operation>
                    </Platform>
                </DeployClass>
                <DeployClass Name="DebugSymbols">
                    <Platform Name="Win32">
                        <Operation>0</Operation>
                    </Platform>
                </DeployClass>
                <DeployClass Name="DependencyFramework">
                    <Platform Name="Win32">
                        <Operation>0</Operation>
                    </Platform>
                </DeployClass>
                <DeployClass Name="DependencyModule">
                    <Platform Name="Win32">
                        <Operation>0</Operation>
                        <Extensions>.dll;.bpl</Extensions>
                    </Platform>
                </DeployClass>
                <DeployClass Required="true" Name="DependencyPackage">
                    <Platform Name="Win32">
                        <Operation>0</Operation>
                        <Extensions>.bpl</Extensions>
                    </Platform>
                </DeployClass>
                <DeployClass Name="File">
                    <Platform Name="Win32">
                        <Operation>0</Operation>
                    </Platform>
                </DeployClass>
                <DeployClass Required="true" Name="ProjectOutput">
                    <Platform Name="Win32">
                        <Operation>0</Operation>
                    </Platform>
                </DeployClass>
                <DeployClass Name="ProjectUWPManifest">
                    <Platform Name="Win32">
                        <Operation>1</Operation>
                    </Platform>
                    <Platform Name="Win64">
                        <Operation>1</Operation>
                    </Platform>
                </DeployClass>
                <DeployClass Name="UWP_DelphiLogo150">
                    <Platform Name="Win32">
                        <RemoteDir>Assets</RemoteDir>
                        <Operation>1</Operation>
                    </Platform>
                    <Platform Name="Win64">
                        <RemoteDir>Assets</RemoteDir>
                        <Operation>1</Operation>
                    </Platform>
                </DeployClass>
                <DeployClass Name="UWP_DelphiLogo44">
                    <Platform Name="Win32">
                        <RemoteDir>Assets</RemoteDir>
                        <Operation>1</Operation>
                    </Platform>
                    <Platform Name="Win64">
                        <RemoteDir>Assets</RemoteDir>
                        <Operation>1</Operation>
                    </Platform>
                </DeployClass>
                <ProjectRoot Platform="Win32" Name="$(PROJECTNAME)"/>
                <ProjectRoot Platform="Win64" Name="$(PROJECTNAME)"/>
            </Deployment>
            <Platforms>
                <Platform value="Android">False</Platform>
                <Platform value="Android64">False</Platform>
                <Platform value="Linux64">False</Platform>
                <Platform value="OSX64">False</Platform>
                <Platform value="OSXARM64">False</Platform>
                <Platform value="Win32">True</Platform>
                <Platform value="Win64">True</Platform>
                <Platform value="iOSDevice64">False</Platform>
                <Platform value="iOSSimARM64">False</Platform>
            </Platforms>
        </BorlandProject>
        <ProjectFileVersion>12</ProjectFileVersion>
    </ProjectExtensions>
    <Import Project="$(BDS)\Bin\CodeGear.Delphi.Targets" Condition="Exists('$(BDS)\Bin\CodeGear.Delphi.Targets')"/>
    <Import Project="$(APPDATA)\Embarcadero\$(BDSAPPDATABASEDIR)\$(PRODUCTVERSION)\UserTools.proj" Condition="Exists('$(APPDATA)\Embarcadero\$(BDSAPPDATABASEDIR)\$(PRODUCTVERSION)\UserTools.proj')"/>
    <Import Project="$(MSBuildProjectName).deployproj" Condition="Exists('$(MSBuildProjectName).deployproj')"/>
</Project>
